
Microsoft Visual Studio Solution File, Format Version 12.00
# Visual Studio 15
VisualStudioVersion = 15.0.28307.329
MinimumVisualStudioVersion = 10.0.40219.1
Project("{8BC9CEB8-8B4A-11D0-8D11-00A0C91BC942}") = "re4util", "re4util.vcxproj", "{63188C8E-4B88-455C-9AFD-9D5393E82FA1}"
EndProject
Global
	GlobalSection(SolutionConfigurationPlatforms) = preSolution
		Debug|x86 = Debug|x86
		Release|x86 = Release|x86
	EndGlobalSection
	GlobalSection(ProjectConfigurationPlatforms) = postSolution
		{63188C8E-4B88-455C-9AFD-9D5393E82FA1}.Debug|x86.ActiveCfg = Debug|Win32
		{63188C8E-4B88-455C-9AFD-9D5393E82FA1}.Debug|x86.Build.0 = Debug|Win32
		{63188C8E-4B88-455C-9AFD-9D5393E82FA1}.Release|x86.ActiveCfg = Release|Win32
		{63188C8E-4B88-455C-9AFD-9D5393E82FA1}.Release|x86.Build.0 = Release|Win32
	EndGlobalSection
	GlobalSection(SolutionProperties) = preSolution
		HideSolutionNode = FALSE
	EndGlobalSection
	GlobalSection(ExtensibilityGlobals) = postSolution
		SolutionGuid = {592198D3-ADC9-4606-AF49-A0581D53DD59}
	EndGlobalSection
EndGlobal
